
Microsoft Visual Studio Solution File, Format Version 12.00
# Visual Studio Version 17
VisualStudioVersion = 17.2.32526.322
MinimumVisualStudioVersion = 10.0.40219.1
Project("{FAE04EC0-301F-11D3-BF4B-00C04F79EFBC}") = "ReturnOrderMgmtSystemV1", "ReturnOrderMgmtSystemV1.csproj", "{367CA414-DFFB-4086-B173-E473651A0EDF}"
EndProject
Global
	GlobalSection(SolutionConfigurationPlatforms) = preSolution
		Debug|Any CPU = Debug|Any CPU
		Release|Any CPU = Release|Any CPU
	EndGlobalSection
	GlobalSection(ProjectConfigurationPlatforms) = postSolution
		{367CA414-DFFB-4086-B173-E473651A0EDF}.Debug|Any CPU.ActiveCfg = Debug|Any CPU
		{367CA414-DFFB-4086-B173-E473651A0EDF}.Debug|Any CPU.Build.0 = Debug|Any CPU
		{367CA414-DFFB-4086-B173-E473651A0EDF}.Release|Any CPU.ActiveCfg = Release|Any CPU
		{367CA414-DFFB-4086-B173-E473651A0EDF}.Release|Any CPU.Build.0 = Release|Any CPU
	EndGlobalSection
	GlobalSection(SolutionProperties) = preSolution
		HideSolutionNode = FALSE
	EndGlobalSection
	GlobalSection(ExtensibilityGlobals) = postSolution
		SolutionGuid = {571426F9-7C4E-4D3D-AC2D-47497F8A03AF}
	EndGlobalSection
EndGlobal
